
Microsoft Visual Studio Solution File, Format Version 12.00
# Visual Studio Version 17
VisualStudioVersion = 17.4.33205.214
MinimumVisualStudioVersion = 10.0.40219.1
Project("{9A19103F-16F7-4668-BE54-9A1E7A4F7556}") = "FCCSharp", "FCCSharp.csproj", "{7F9F98CA-004A-4D0E-B633-FA002128A8BA}"
EndProject
Global
	GlobalSection(SolutionConfigurationPlatforms) = preSolution
		Debug|Any CPU = Debug|Any CPU
		Release|Any CPU = Release|Any CPU
	EndGlobalSection
	GlobalSection(ProjectConfigurationPlatforms) = postSolution
		{7F9F98CA-004A-4D0E-B633-FA002128A8BA}.Debug|Any CPU.ActiveCfg = Debug|Any CPU
		{7F9F98CA-004A-4D0E-B633-FA002128A8BA}.Debug|Any CPU.Build.0 = Debug|Any CPU
		{7F9F98CA-004A-4D0E-B633-FA002128A8BA}.Release|Any CPU.ActiveCfg = Release|Any CPU
		{7F9F98CA-004A-4D0E-B633-FA002128A8BA}.Release|Any CPU.Build.0 = Release|Any CPU
	EndGlobalSection
	GlobalSection(SolutionProperties) = preSolution
		HideSolutionNode = FALSE
	EndGlobalSection
	GlobalSection(ExtensibilityGlobals) = postSolution
		SolutionGuid = {40C718E9-7E55-4286-8D7C-21FED9AD14D2}
	EndGlobalSection
EndGlobal
